
Microsoft Visual Studio Solution File, Format Version 12.00
# Visual Studio Version 16
VisualStudioVersion = 16.0.31205.134
MinimumVisualStudioVersion = 10.0.40219.1
Project("{2150E333-8FDC-42A3-9474-1A3956D46DE8}") = "Services", "Services", "{06037301-F900-4D19-A5D8-02C6F2D1BCD6}"
EndProject
Project("{2150E333-8FDC-42A3-9474-1A3956D46DE8}") = "Catalog", "Catalog", "{31649DED-92E7-408B-8D2F-774DC4FE9BBC}"
EndProject
Project("{FAE04EC0-301F-11D3-BF4B-00C04F79EFBC}") = "Catalog.API", "Services\Catalog\Catalog.API\Catalog.API.csproj", "{FBFAAA69-218A-4C11-9A84-F68E8BE41CBB}"
EndProject
Global
	GlobalSection(SolutionConfigurationPlatforms) = preSolution
		Debug|Any CPU = Debug|Any CPU
		Release|Any CPU = Release|Any CPU
	EndGlobalSection
	GlobalSection(ProjectConfigurationPlatforms) = postSolution
		{FBFAAA69-218A-4C11-9A84-F68E8BE41CBB}.Debug|Any CPU.ActiveCfg = Debug|Any CPU
		{FBFAAA69-218A-4C11-9A84-F68E8BE41CBB}.Debug|Any CPU.Build.0 = Debug|Any CPU
		{FBFAAA69-218A-4C11-9A84-F68E8BE41CBB}.Release|Any CPU.ActiveCfg = Release|Any CPU
		{FBFAAA69-218A-4C11-9A84-F68E8BE41CBB}.Release|Any CPU.Build.0 = Release|Any CPU
	EndGlobalSection
	GlobalSection(SolutionProperties) = preSolution
		HideSolutionNode = FALSE
	EndGlobalSection
	GlobalSection(NestedProjects) = preSolution
		{31649DED-92E7-408B-8D2F-774DC4FE9BBC} = {06037301-F900-4D19-A5D8-02C6F2D1BCD6}
		{FBFAAA69-218A-4C11-9A84-F68E8BE41CBB} = {31649DED-92E7-408B-8D2F-774DC4FE9BBC}
	EndGlobalSection
	GlobalSection(ExtensibilityGlobals) = postSolution
		SolutionGuid = {49C8A15D-A8F8-494D-8317-78E2F8550E62}
	EndGlobalSection
EndGlobal
